{
  "name": "estiator",
  "lockfileVersion": 3,
  "requires": true,
  "packages": {
    "": {
      "dependencies": {
        "@internationalized/date": "^3.5.5"
      }
    },
    "node_modules/@internationalized/date": {
      "version": "3.5.5",
      "resolved": "https://registry.npmjs.org/@internationalized/date/-/date-3.5.5.tgz",
      "integrity": "sha512-H+CfYvOZ0LTJeeLOqm19E3uj/4YjrmOFtBufDHPfvtI80hFAMqtrp7oCACpe4Cil5l8S0Qu/9dYfZc/5lY8WQQ==",
      "license": "Apache-2.0",
      "dependencies": {
        "@swc/helpers": "^0.5.0"
      }
    },
    "node_modules/@swc/helpers": {
      "version": "0.5.13",
      "resolved": "https://registry.npmjs.org/@swc/helpers/-/helpers-0.5.13.tgz",
      "integrity": "sha512-UoKGxQ3r5kYI9dALKJapMmuK+1zWM/H17Z1+iwnNmzcJRnfFuevZs375TA5rW31pu4BS4NoSy1fRsexDXfWn5w==",
      "license": "Apache-2.0",
      "dependencies": {
        "tslib": "^2.4.0"
      }
    },
    "node_modules/tslib": {
      "version": "2.7.0",
      "resolved": "https://registry.npmjs.org/tslib/-/tslib-2.7.0.tgz",
      "integrity": "sha512-gLXCKdN1/j47AiHiOkJN69hJmcbGTHI0ImLmbYLHykhgeN0jVGola9yVjFgzCUklsZQMW55o+dW7IXv3RCXDzA==",
      "license": "0BSD"
    }
  }
}
